# THIS IS AN AUTOGENERATED FILE. DO NOT EDIT THIS FILE DIRECTLY.
# yarn lockfile v1


address@>=0.0.1:
  version "1.0.1"
  resolved "https://registry.yarnpkg.com/address/-/address-1.0.1.tgz#363f5d3f2be26d0655d8afd5a9562e4fc2194537"

ali-cdn-sdk@^1.1.0:
  version "1.1.0"
  resolved "https://registry.yarnpkg.com/ali-cdn-sdk/-/ali-cdn-sdk-1.1.0.tgz#7b9001717474ef74ded620e5777e53006674045f"
  dependencies:
    crypto "^0.0.3"
    urllib "^2.17.1"

aliyun-sdk@1.9.22:
  version "1.9.22"
  resolved "http://registry.npm.taobao.org/aliyun-sdk/download/aliyun-sdk-1.9.22.tgz#5d7bcb18de91c05a7e2a22d746ab74a2c37602c6"
  dependencies:
    node_memcached "1.1.3"
    pomelo-protobuf "^0.4.0"
    protobufjs "^4.1.2"
    xml2js "0.4.4"
    xmlbuilder "^2.4.5"

ansi-regex@^2.0.0:
  version "2.1.1"
  resolved "https://registry.yarnpkg.com/ansi-regex/-/ansi-regex-2.1.1.tgz#c3b33ab5ee360d86e0e628f0468ae7ef27d654df"

ansi-styles@^2.2.1:
  version "2.2.1"
  resolved "https://registry.yarnpkg.com/ansi-styles/-/ansi-styles-2.2.1.tgz#b432dd3358b634cf75e1e4664368240533c1ddbe"

any-promise@^1.3.0:
  version "1.3.0"
  resolved "https://registry.yarnpkg.com/any-promise/-/any-promise-1.3.0.tgz#abc6afeedcea52e809cdc0376aed3ce39635d17f"

array-differ@^1.0.0:
  version "1.0.0"
  resolved "https://registry.yarnpkg.com/array-differ/-/array-differ-1.0.0.tgz#eff52e3758249d33be402b8bb8e564bb2b5d4031"

array-uniq@^1.0.2:
  version "1.0.3"
  resolved "https://registry.yarnpkg.com/array-uniq/-/array-uniq-1.0.3.tgz#af6ac877a25cc7f74e058894753858dfdb24fdb6"

ascli@~1:
  version "1.0.1"
  resolved "https://registry.yarnpkg.com/ascli/-/ascli-1.0.1.tgz#bcfa5974a62f18e81cabaeb49732ab4a88f906bc"
  dependencies:
    colour "~0.7.1"
    optjs "~3.2.2"

balanced-match@^0.4.1:
  version "0.4.2"
  resolved "https://registry.yarnpkg.com/balanced-match/-/balanced-match-0.4.2.tgz#cb3f3e3c732dc0f01ee70b403f302e61d7709838"

beeper@^1.0.0:
  version "1.1.1"
  resolved "https://registry.yarnpkg.com/beeper/-/beeper-1.1.1.tgz#e6d5ea8c5dad001304a70b22638447f69cb2f809"

brace-expansion@^1.0.0:
  version "1.1.6"
  resolved "https://registry.yarnpkg.com/brace-expansion/-/brace-expansion-1.1.6.tgz#7197d7eaa9b87e648390ea61fc66c84427420df9"
  dependencies:
    balanced-match "^0.4.1"
    concat-map "0.0.1"

buffer-shims@^1.0.0:
  version "1.0.0"
  resolved "https://registry.yarnpkg.com/buffer-shims/-/buffer-shims-1.0.0.tgz#9978ce317388c649ad8793028c3477ef044a8b51"

bufferview@~1:
  version "1.0.1"
  resolved "https://registry.yarnpkg.com/bufferview/-/bufferview-1.0.1.tgz#7afd74a45f937fa422a1d338c08bbfdc76cd725d"

"bytebuffer@~4 >=4.1":
  version "4.1.0"
  resolved "https://registry.yarnpkg.com/bytebuffer/-/bytebuffer-4.1.0.tgz#4c58269e052ab1e4b1f7ff364fdfb3ce882906aa"
  dependencies:
    bufferview "~1"
    long "~2 >=2.3.0"

camelcase@^2.0.1:
  version "2.1.1"
  resolved "https://registry.yarnpkg.com/camelcase/-/camelcase-2.1.1.tgz#7c1d16d679a1bbe59ca02cacecfb011e201f5a1f"

chalk@^1.0.0, chalk@^1.1.1:
  version "1.1.3"
  resolved "https://registry.yarnpkg.com/chalk/-/chalk-1.1.3.tgz#a8115c55e4a702fe4d150abd3872822a7e09fc98"
  dependencies:
    ansi-styles "^2.2.1"
    escape-string-regexp "^1.0.2"
    has-ansi "^2.0.0"
    strip-ansi "^3.0.0"
    supports-color "^2.0.0"

cliui@^3.0.3:
  version "3.2.0"
  resolved "https://registry.yarnpkg.com/cliui/-/cliui-3.2.0.tgz#120601537a916d29940f934da3b48d585a39213d"
  dependencies:
    string-width "^1.0.1"
    strip-ansi "^3.0.1"
    wrap-ansi "^2.0.0"

clone-stats@^0.0.1:
  version "0.0.1"
  resolved "https://registry.yarnpkg.com/clone-stats/-/clone-stats-0.0.1.tgz#b88f94a82cf38b8791d58046ea4029ad88ca99d1"

clone@^1.0.0:
  version "1.0.2"
  resolved "https://registry.yarnpkg.com/clone/-/clone-1.0.2.tgz#260b7a99ebb1edfe247538175f783243cb19d149"

code-point-at@^1.0.0:
  version "1.1.0"
  resolved "https://registry.yarnpkg.com/code-point-at/-/code-point-at-1.1.0.tgz#0d070b4d043a5bea33a2f1a40e2edb3d9a4ccf77"

colour@~0.7.1:
  version "0.7.1"
  resolved "https://registry.yarnpkg.com/colour/-/colour-0.7.1.tgz#9cb169917ec5d12c0736d3e8685746df1cadf778"

concat-map@0.0.1:
  version "0.0.1"
  resolved "https://registry.yarnpkg.com/concat-map/-/concat-map-0.0.1.tgz#d8a96bd77fd68df7793a73036a3ba0d5405d477b"

content-type@^1.0.2:
  version "1.0.2"
  resolved "https://registry.yarnpkg.com/content-type/-/content-type-1.0.2.tgz#b7d113aee7a8dd27bd21133c4dc2529df1721eed"

core-util-is@~1.0.0:
  version "1.0.2"
  resolved "https://registry.yarnpkg.com/core-util-is/-/core-util-is-1.0.2.tgz#b5fd54220aa2bc5ab57aab7140c940754503c1a7"

crypto@^0.0.3:
  version "0.0.3"
  resolved "https://registry.yarnpkg.com/crypto/-/crypto-0.0.3.tgz#470a81b86be4c5ee17acc8207a1f5315ae20dbb0"

dateformat@^2.0.0:
  version "2.0.0"
  resolved "https://registry.yarnpkg.com/dateformat/-/dateformat-2.0.0.tgz#2743e3abb5c3fc2462e527dca445e04e9f4dee17"

debug@^2.1.0, debug@^2.6.0:
  version "2.6.3"
  resolved "https://registry.yarnpkg.com/debug/-/debug-2.6.3.tgz#0f7eb8c30965ec08c72accfa0130c8b79984141d"
  dependencies:
    ms "0.7.2"

decamelize@^1.1.1:
  version "1.2.0"
  resolved "https://registry.yarnpkg.com/decamelize/-/decamelize-1.2.0.tgz#f6534d15148269b20352e7bee26f501f9a191290"

default-user-agent@^1.0.0:
  version "1.0.0"
  resolved "https://registry.yarnpkg.com/default-user-agent/-/default-user-agent-1.0.0.tgz#16c46efdcaba3edc45f24f2bd4868b01b7c2adc6"
  dependencies:
    os-name "~1.0.3"

digest-header@^0.0.1:
  version "0.0.1"
  resolved "https://registry.yarnpkg.com/digest-header/-/digest-header-0.0.1.tgz#11ccf6deec5766ac379744d901c12cba49514be6"
  dependencies:
    utility "0.1.11"

duplexer2@0.0.2:
  version "0.0.2"
  resolved "https://registry.yarnpkg.com/duplexer2/-/duplexer2-0.0.2.tgz#c614dcf67e2fb14995a91711e5a617e8a60a31db"
  dependencies:
    readable-stream "~1.1.9"

duplexer@~0.1.1:
  version "0.1.1"
  resolved "https://registry.yarnpkg.com/duplexer/-/duplexer-0.1.1.tgz#ace6ff808c1ce66b57d1ebf97977acb02334cfc1"

ee-first@~1.1.1:
  version "1.1.1"
  resolved "https://registry.yarnpkg.com/ee-first/-/ee-first-1.1.1.tgz#590c61156b0ae2f4f0255732a158b266bc56b21d"

escape-string-regexp@^1.0.2:
  version "1.0.5"
  resolved "https://registry.yarnpkg.com/escape-string-regexp/-/escape-string-regexp-1.0.5.tgz#1b61c0562190a8dff6ae3bb2cf0200ca130b86d4"

event-stream@^3.3.4:
  version "3.3.4"
  resolved "https://registry.yarnpkg.com/event-stream/-/event-stream-3.3.4.tgz#4ab4c9a0f5a54db9338b4c34d86bfce8f4b35571"
  dependencies:
    duplexer "~0.1.1"
    from "~0"
    map-stream "~0.1.0"
    pause-stream "0.0.11"
    split "0.3"
    stream-combiner "~0.0.4"
    through "~2.3.1"

fancy-log@^1.1.0:
  version "1.3.0"
  resolved "https://registry.yarnpkg.com/fancy-log/-/fancy-log-1.3.0.tgz#45be17d02bb9917d60ccffd4995c999e6c8c9948"
  dependencies:
    chalk "^1.1.1"
    time-stamp "^1.0.0"

from@~0:
  version "0.1.7"
  resolved "https://registry.yarnpkg.com/from/-/from-0.1.7.tgz#83c60afc58b9c56997007ed1a768b3ab303a44fe"

glob@^5.0.10:
  version "5.0.15"
  resolved "https://registry.yarnpkg.com/glob/-/glob-5.0.15.tgz#1bc936b9e02f4a603fcc222ecf7633d30b8b93b1"
  dependencies:
    inflight "^1.0.4"
    inherits "2"
    minimatch "2 || 3"
    once "^1.3.0"
    path-is-absolute "^1.0.0"

glogg@^1.0.0:
  version "1.0.0"
  resolved "https://registry.yarnpkg.com/glogg/-/glogg-1.0.0.tgz#7fe0f199f57ac906cf512feead8f90ee4a284fc5"
  dependencies:
    sparkles "^1.0.0"

gulp-util@^3.0.8:
  version "3.0.8"
  resolved "https://registry.yarnpkg.com/gulp-util/-/gulp-util-3.0.8.tgz#0054e1e744502e27c04c187c3ecc505dd54bbb4f"
  dependencies:
    array-differ "^1.0.0"
    array-uniq "^1.0.2"
    beeper "^1.0.0"
    chalk "^1.0.0"
    dateformat "^2.0.0"
    fancy-log "^1.1.0"
    gulplog "^1.0.0"
    has-gulplog "^0.1.0"
    lodash._reescape "^3.0.0"
    lodash._reevaluate "^3.0.0"
    lodash._reinterpolate "^3.0.0"
    lodash.template "^3.0.0"
    minimist "^1.1.0"
    multipipe "^0.1.2"
    object-assign "^3.0.0"
    replace-ext "0.0.1"
    through2 "^2.0.0"
    vinyl "^0.5.0"

gulplog@^1.0.0:
  version "1.0.0"
  resolved "https://registry.yarnpkg.com/gulplog/-/gulplog-1.0.0.tgz#e28c4d45d05ecbbed818363ce8f9c5926229ffe5"
  dependencies:
    glogg "^1.0.0"

has-ansi@^2.0.0:
  version "2.0.0"
  resolved "https://registry.yarnpkg.com/has-ansi/-/has-ansi-2.0.0.tgz#34f5049ce1ecdf2b0649af3ef24e45ed35416d91"
  dependencies:
    ansi-regex "^2.0.0"

has-gulplog@^0.1.0:
  version "0.1.0"
  resolved "https://registry.yarnpkg.com/has-gulplog/-/has-gulplog-0.1.0.tgz#6414c82913697da51590397dafb12f22967811ce"
  dependencies:
    sparkles "^1.0.0"

humanize-ms@^1.2.0:
  version "1.2.0"
  resolved "https://registry.yarnpkg.com/humanize-ms/-/humanize-ms-1.2.0.tgz#4d691a1fa1b87989789af8e58cddfd550622e4d4"
  dependencies:
    ms "~0.7.0"

iconv-lite@^0.4.15:
  version "0.4.15"
  resolved "https://registry.yarnpkg.com/iconv-lite/-/iconv-lite-0.4.15.tgz#fe265a218ac6a57cfe854927e9d04c19825eddeb"

inflight@^1.0.4:
  version "1.0.6"
  resolved "https://registry.yarnpkg.com/inflight/-/inflight-1.0.6.tgz#49bd6331d7d02d0c09bc910a1075ba8165b56df9"
  dependencies:
    once "^1.3.0"
    wrappy "1"

inherits@2, inherits@~2.0.1:
  version "2.0.3"
  resolved "https://registry.yarnpkg.com/inherits/-/inherits-2.0.3.tgz#633c2c83e3da42a502f52466022480f4208261de"

invert-kv@^1.0.0:
  version "1.0.0"
  resolved "https://registry.yarnpkg.com/invert-kv/-/invert-kv-1.0.0.tgz#104a8e4aaca6d3d8cd157a8ef8bfab2d7a3ffdb6"

is-fullwidth-code-point@^1.0.0:
  version "1.0.0"
  resolved "https://registry.yarnpkg.com/is-fullwidth-code-point/-/is-fullwidth-code-point-1.0.0.tgz#ef9e31386f031a7f0d643af82fde50c457ef00cb"
  dependencies:
    number-is-nan "^1.0.0"

isarray@0.0.1:
  version "0.0.1"
  resolved "https://registry.yarnpkg.com/isarray/-/isarray-0.0.1.tgz#8a18acfca9a8f4177e09abfc6038939b05d1eedf"

isarray@~1.0.0:
  version "1.0.0"
  resolved "https://registry.yarnpkg.com/isarray/-/isarray-1.0.0.tgz#bb935d48582cba168c06834957a54a3e07124f11"

lcid@^1.0.0:
  version "1.0.0"
  resolved "https://registry.yarnpkg.com/lcid/-/lcid-1.0.0.tgz#308accafa0bc483a3867b4b6f2b9506251d1b835"
  dependencies:
    invert-kv "^1.0.0"

lodash._basecopy@^3.0.0:
  version "3.0.1"
  resolved "https://registry.yarnpkg.com/lodash._basecopy/-/lodash._basecopy-3.0.1.tgz#8da0e6a876cf344c0ad8a54882111dd3c5c7ca36"

lodash._basetostring@^3.0.0:
  version "3.0.1"
  resolved "https://registry.yarnpkg.com/lodash._basetostring/-/lodash._basetostring-3.0.1.tgz#d1861d877f824a52f669832dcaf3ee15566a07d5"

lodash._basevalues@^3.0.0:
  version "3.0.0"
  resolved "https://registry.yarnpkg.com/lodash._basevalues/-/lodash._basevalues-3.0.0.tgz#5b775762802bde3d3297503e26300820fdf661b7"

lodash._getnative@^3.0.0:
  version "3.9.1"
  resolved "https://registry.yarnpkg.com/lodash._getnative/-/lodash._getnative-3.9.1.tgz#570bc7dede46d61cdcde687d65d3eecbaa3aaff5"

lodash._isiterateecall@^3.0.0:
  version "3.0.9"
  resolved "https://registry.yarnpkg.com/lodash._isiterateecall/-/lodash._isiterateecall-3.0.9.tgz#5203ad7ba425fae842460e696db9cf3e6aac057c"

lodash._reescape@^3.0.0:
  version "3.0.0"
  resolved "https://registry.yarnpkg.com/lodash._reescape/-/lodash._reescape-3.0.0.tgz#2b1d6f5dfe07c8a355753e5f27fac7f1cde1616a"

lodash._reevaluate@^3.0.0:
  version "3.0.0"
  resolved "https://registry.yarnpkg.com/lodash._reevaluate/-/lodash._reevaluate-3.0.0.tgz#58bc74c40664953ae0b124d806996daca431e2ed"

lodash._reinterpolate@^3.0.0:
  version "3.0.0"
  resolved "https://registry.yarnpkg.com/lodash._reinterpolate/-/lodash._reinterpolate-3.0.0.tgz#0ccf2d89166af03b3663c796538b75ac6e114d9d"

lodash._root@^3.0.0:
  version "3.0.1"
  resolved "https://registry.yarnpkg.com/lodash._root/-/lodash._root-3.0.1.tgz#fba1c4524c19ee9a5f8136b4609f017cf4ded692"

lodash.escape@^3.0.0:
  version "3.2.0"
  resolved "https://registry.yarnpkg.com/lodash.escape/-/lodash.escape-3.2.0.tgz#995ee0dc18c1b48cc92effae71a10aab5b487698"
  dependencies:
    lodash._root "^3.0.0"

lodash.isarguments@^3.0.0:
  version "3.1.0"
  resolved "https://registry.yarnpkg.com/lodash.isarguments/-/lodash.isarguments-3.1.0.tgz#2f573d85c6a24289ff00663b491c1d338ff3458a"

lodash.isarray@^3.0.0:
  version "3.0.4"
  resolved "https://registry.yarnpkg.com/lodash.isarray/-/lodash.isarray-3.0.4.tgz#79e4eb88c36a8122af86f844aa9bcd851b5fbb55"

lodash.keys@^3.0.0:
  version "3.1.2"
  resolved "https://registry.yarnpkg.com/lodash.keys/-/lodash.keys-3.1.2.tgz#4dbc0472b156be50a0b286855d1bd0b0c656098a"
  dependencies:
    lodash._getnative "^3.0.0"
    lodash.isarguments "^3.0.0"
    lodash.isarray "^3.0.0"

lodash.restparam@^3.0.0:
  version "3.6.1"
  resolved "https://registry.yarnpkg.com/lodash.restparam/-/lodash.restparam-3.6.1.tgz#936a4e309ef330a7645ed4145986c85ae5b20805"

lodash.template@^3.0.0:
  version "3.6.2"
  resolved "https://registry.yarnpkg.com/lodash.template/-/lodash.template-3.6.2.tgz#f8cdecc6169a255be9098ae8b0c53d378931d14f"
  dependencies:
    lodash._basecopy "^3.0.0"
    lodash._basetostring "^3.0.0"
    lodash._basevalues "^3.0.0"
    lodash._isiterateecall "^3.0.0"
    lodash._reinterpolate "^3.0.0"
    lodash.escape "^3.0.0"
    lodash.keys "^3.0.0"
    lodash.restparam "^3.0.0"
    lodash.templatesettings "^3.0.0"

lodash.templatesettings@^3.0.0:
  version "3.1.1"
  resolved "https://registry.yarnpkg.com/lodash.templatesettings/-/lodash.templatesettings-3.1.1.tgz#fb307844753b66b9f1afa54e262c745307dba8e5"
  dependencies:
    lodash._reinterpolate "^3.0.0"
    lodash.escape "^3.0.0"

lodash@^3.5.0:
  version "3.10.1"
  resolved "https://registry.yarnpkg.com/lodash/-/lodash-3.10.1.tgz#5bf45e8e49ba4189e17d482789dfd15bd140b7b6"

"long@~2 >=2.3.0":
  version "2.4.0"
  resolved "https://registry.yarnpkg.com/long/-/long-2.4.0.tgz#9fa180bb1d9500cdc29c4156766a1995e1f4524f"

map-stream@~0.1.0:
  version "0.1.0"
  resolved "https://registry.yarnpkg.com/map-stream/-/map-stream-0.1.0.tgz#e56aa94c4c8055a16404a0674b78f215f7c8e194"

mime@^1.3.4:
  version "1.3.4"
  resolved "https://registry.yarnpkg.com/mime/-/mime-1.3.4.tgz#115f9e3b6b3daf2959983cb38f149a2d40eb5d53"

"minimatch@2 || 3":
  version "3.0.3"
  resolved "https://registry.yarnpkg.com/minimatch/-/minimatch-3.0.3.tgz#2a4e4090b96b2db06a9d7df01055a62a77c9b774"
  dependencies:
    brace-expansion "^1.0.0"

minimist@^1.1.0:
  version "1.2.0"
  resolved "https://registry.yarnpkg.com/minimist/-/minimist-1.2.0.tgz#a35008b20f41383eec1fb914f4cd5df79a264284"

moment@^2.18.1:
  version "2.18.1"
  resolved "https://registry.yarnpkg.com/moment/-/moment-2.18.1.tgz#c36193dd3ce1c2eed2adb7c802dbbc77a81b1c0f"

ms@0.7.2, ms@~0.7.0:
  version "0.7.2"
  resolved "https://registry.yarnpkg.com/ms/-/ms-0.7.2.tgz#ae25cf2512b3885a1d95d7f037868d8431124765"

multipipe@^0.1.2:
  version "0.1.2"
  resolved "https://registry.yarnpkg.com/multipipe/-/multipipe-0.1.2.tgz#2a8f2ddf70eed564dff2d57f1e1a137d9f05078b"
  dependencies:
    duplexer2 "0.0.2"

node_memcached@1.1.3:
  version "1.1.3"
  resolved "https://registry.yarnpkg.com/node_memcached/-/node_memcached-1.1.3.tgz#89c152af88ad28817f00d891c990451d5d712ea8"
  dependencies:
    debug "^2.1.0"

number-is-nan@^1.0.0:
  version "1.0.1"
  resolved "https://registry.yarnpkg.com/number-is-nan/-/number-is-nan-1.0.1.tgz#097b602b53422a522c1afb8790318336941a011d"

object-assign@^3.0.0:
  version "3.0.0"
  resolved "https://registry.yarnpkg.com/object-assign/-/object-assign-3.0.0.tgz#9bedd5ca0897949bca47e7ff408062d549f587f2"

once@^1.3.0:
  version "1.4.0"
  resolved "https://registry.yarnpkg.com/once/-/once-1.4.0.tgz#583b1aa775961d4b113ac17d9c50baef9dd76bd1"
  dependencies:
    wrappy "1"

optjs@~3.2.2:
  version "3.2.2"
  resolved "https://registry.yarnpkg.com/optjs/-/optjs-3.2.2.tgz#69a6ce89c442a44403141ad2f9b370bd5bb6f4ee"

os-locale@^1.4.0:
  version "1.4.0"
  resolved "https://registry.yarnpkg.com/os-locale/-/os-locale-1.4.0.tgz#20f9f17ae29ed345e8bde583b13d2009803c14d9"
  dependencies:
    lcid "^1.0.0"

os-name@~1.0.3:
  version "1.0.3"
  resolved "https://registry.yarnpkg.com/os-name/-/os-name-1.0.3.tgz#1b379f64835af7c5a7f498b357cb95215c159edf"
  dependencies:
    osx-release "^1.0.0"
    win-release "^1.0.0"

osx-release@^1.0.0:
  version "1.1.0"
  resolved "https://registry.yarnpkg.com/osx-release/-/osx-release-1.1.0.tgz#f217911a28136949af1bf9308b241e2737d3cd6c"
  dependencies:
    minimist "^1.1.0"

path-is-absolute@^1.0.0:
  version "1.0.1"
  resolved "https://registry.yarnpkg.com/path-is-absolute/-/path-is-absolute-1.0.1.tgz#174b9268735534ffbc7ace6bf53a5a9e1b5c5f5f"

pause-stream@0.0.11:
  version "0.0.11"
  resolved "https://registry.yarnpkg.com/pause-stream/-/pause-stream-0.0.11.tgz#fe5a34b0cbce12b5aa6a2b403ee2e73b602f1445"
  dependencies:
    through "~2.3"

pomelo-protobuf@^0.4.0:
  version "0.4.0"
  resolved "https://registry.yarnpkg.com/pomelo-protobuf/-/pomelo-protobuf-0.4.0.tgz#e45e9a0a446eb18667e0c6e13eeb53d47addbda8"

process-nextick-args@~1.0.6:
  version "1.0.7"
  resolved "https://registry.yarnpkg.com/process-nextick-args/-/process-nextick-args-1.0.7.tgz#150e20b756590ad3f91093f25a4f2ad8bff30ba3"

protobufjs@^4.1.2:
  version "4.1.3"
  resolved "https://registry.yarnpkg.com/protobufjs/-/protobufjs-4.1.3.tgz#8e36d1b0226cbb68d647e4b44c2a144f37f2779e"
  dependencies:
    ascli "~1"
    bytebuffer "~4 >=4.1"
    glob "^5.0.10"
    yargs "^3.10.0"

readable-stream@^2.1.5:
  version "2.2.6"
  resolved "https://registry.yarnpkg.com/readable-stream/-/readable-stream-2.2.6.tgz#8b43aed76e71483938d12a8d46c6cf1a00b1f816"
  dependencies:
    buffer-shims "^1.0.0"
    core-util-is "~1.0.0"
    inherits "~2.0.1"
    isarray "~1.0.0"
    process-nextick-args "~1.0.6"
    string_decoder "~0.10.x"
    util-deprecate "~1.0.1"

readable-stream@~1.1.9:
  version "1.1.14"
  resolved "https://registry.yarnpkg.com/readable-stream/-/readable-stream-1.1.14.tgz#7cf4c54ef648e3813084c636dd2079e166c081d9"
  dependencies:
    core-util-is "~1.0.0"
    inherits "~2.0.1"
    isarray "0.0.1"
    string_decoder "~0.10.x"

replace-ext@0.0.1:
  version "0.0.1"
  resolved "https://registry.yarnpkg.com/replace-ext/-/replace-ext-0.0.1.tgz#29bbd92078a739f0bcce2b4ee41e837953522924"

sax@0.6.x:
  version "0.6.1"
  resolved "https://registry.yarnpkg.com/sax/-/sax-0.6.1.tgz#563b19c7c1de892e09bfc4f2fc30e3c27f0952b9"

semver@^5.0.1:
  version "5.3.0"
  resolved "https://registry.yarnpkg.com/semver/-/semver-5.3.0.tgz#9b2ce5d3de02d17c6012ad326aa6b4d0cf54f94f"

sparkles@^1.0.0:
  version "1.0.0"
  resolved "https://registry.yarnpkg.com/sparkles/-/sparkles-1.0.0.tgz#1acbbfb592436d10bbe8f785b7cc6f82815012c3"

split@0.3:
  version "0.3.3"
  resolved "https://registry.yarnpkg.com/split/-/split-0.3.3.tgz#cd0eea5e63a211dfff7eb0f091c4133e2d0dd28f"
  dependencies:
    through "2"

statuses@^1.3.1:
  version "1.3.1"
  resolved "https://registry.yarnpkg.com/statuses/-/statuses-1.3.1.tgz#faf51b9eb74aaef3b3acf4ad5f61abf24cb7b93e"

stream-combiner@~0.0.4:
  version "0.0.4"
  resolved "https://registry.yarnpkg.com/stream-combiner/-/stream-combiner-0.0.4.tgz#4d5e433c185261dde623ca3f44c586bcf5c4ad14"
  dependencies:
    duplexer "~0.1.1"

string-width@^1.0.1:
  version "1.0.2"
  resolved "https://registry.yarnpkg.com/string-width/-/string-width-1.0.2.tgz#118bdf5b8cdc51a2a7e70d211e07e2b0b9b107d3"
  dependencies:
    code-point-at "^1.0.0"
    is-fullwidth-code-point "^1.0.0"
    strip-ansi "^3.0.0"

string_decoder@~0.10.x:
  version "0.10.31"
  resolved "https://registry.yarnpkg.com/string_decoder/-/string_decoder-0.10.31.tgz#62e203bc41766c6c28c9fc84301dab1c5310fa94"

strip-ansi@^3.0.0, strip-ansi@^3.0.1:
  version "3.0.1"
  resolved "https://registry.yarnpkg.com/strip-ansi/-/strip-ansi-3.0.1.tgz#6a385fb8853d952d5ff05d0e8aaf94278dc63dcf"
  dependencies:
    ansi-regex "^2.0.0"

supports-color@^2.0.0:
  version "2.0.0"
  resolved "https://registry.yarnpkg.com/supports-color/-/supports-color-2.0.0.tgz#535d045ce6b6363fa40117084629995e9df324c7"

through2@^2.0.0:
  version "2.0.3"
  resolved "https://registry.yarnpkg.com/through2/-/through2-2.0.3.tgz#0004569b37c7c74ba39c43f3ced78d1ad94140be"
  dependencies:
    readable-stream "^2.1.5"
    xtend "~4.0.1"

through@2, through@~2.3, through@~2.3.1:
  version "2.3.8"
  resolved "https://registry.yarnpkg.com/through/-/through-2.3.8.tgz#0dd4c9ffaabc357960b1b724115d7e0e86a2e1f5"

time-stamp@^1.0.0:
  version "1.0.1"
  resolved "https://registry.yarnpkg.com/time-stamp/-/time-stamp-1.0.1.tgz#9f4bd23559c9365966f3302dbba2b07c6b99b151"

urllib@^2.17.1:
  version "2.21.2"
  resolved "https://registry.yarnpkg.com/urllib/-/urllib-2.21.2.tgz#ecd7306224aae99fab3744fab707a43417f8abc5"
  dependencies:
    any-promise "^1.3.0"
    content-type "^1.0.2"
    debug "^2.6.0"
    default-user-agent "^1.0.0"
    digest-header "^0.0.1"
    ee-first "~1.1.1"
    humanize-ms "^1.2.0"
    iconv-lite "^0.4.15"
    statuses "^1.3.1"

util-deprecate@~1.0.1:
  version "1.0.2"
  resolved "https://registry.yarnpkg.com/util-deprecate/-/util-deprecate-1.0.2.tgz#450d4dc9fa70de732762fbd2d4a28981419a0ccf"

utility@0.1.11:
  version "0.1.11"
  resolved "https://registry.yarnpkg.com/utility/-/utility-0.1.11.tgz#fde60cf9b4e4751947a0cf5d104ce29367226715"
  dependencies:
    address ">=0.0.1"

vinyl@^0.5.0:
  version "0.5.3"
  resolved "https://registry.yarnpkg.com/vinyl/-/vinyl-0.5.3.tgz#b0455b38fc5e0cf30d4325132e461970c2091cde"
  dependencies:
    clone "^1.0.0"
    clone-stats "^0.0.1"
    replace-ext "0.0.1"

win-release@^1.0.0:
  version "1.1.1"
  resolved "https://registry.yarnpkg.com/win-release/-/win-release-1.1.1.tgz#5fa55e02be7ca934edfc12665632e849b72e5209"
  dependencies:
    semver "^5.0.1"

window-size@^0.1.4:
  version "0.1.4"
  resolved "https://registry.yarnpkg.com/window-size/-/window-size-0.1.4.tgz#f8e1aa1ee5a53ec5bf151ffa09742a6ad7697876"

wrap-ansi@^2.0.0:
  version "2.1.0"
  resolved "https://registry.yarnpkg.com/wrap-ansi/-/wrap-ansi-2.1.0.tgz#d8fc3d284dd05794fe84973caecdd1cf824fdd85"
  dependencies:
    string-width "^1.0.1"
    strip-ansi "^3.0.1"

wrappy@1:
  version "1.0.2"
  resolved "https://registry.yarnpkg.com/wrappy/-/wrappy-1.0.2.tgz#b5243d8f3ec1aa35f1364605bc0d1036e30ab69f"

xml2js@0.4.4:
  version "0.4.4"
  resolved "https://registry.yarnpkg.com/xml2js/-/xml2js-0.4.4.tgz#3111010003008ae19240eba17497b57c729c555d"
  dependencies:
    sax "0.6.x"
    xmlbuilder ">=1.0.0"

xmlbuilder@>=1.0.0, xmlbuilder@^2.4.5:
  version "2.6.5"
  resolved "https://registry.yarnpkg.com/xmlbuilder/-/xmlbuilder-2.6.5.tgz#6ff7ad60fb72d22764f007a164b77f2bf1400526"
  dependencies:
    lodash "^3.5.0"

xtend@~4.0.1:
  version "4.0.1"
  resolved "https://registry.yarnpkg.com/xtend/-/xtend-4.0.1.tgz#a5c6d532be656e23db820efb943a1f04998d63af"

y18n@^3.2.0:
  version "3.2.1"
  resolved "https://registry.yarnpkg.com/y18n/-/y18n-3.2.1.tgz#6d15fba884c08679c0d77e88e7759e811e07fa41"

yargs@^3.10.0:
  version "3.32.0"
  resolved "https://registry.yarnpkg.com/yargs/-/yargs-3.32.0.tgz#03088e9ebf9e756b69751611d2a5ef591482c995"
  dependencies:
    camelcase "^2.0.1"
    cliui "^3.0.3"
    decamelize "^1.1.1"
    os-locale "^1.4.0"
    string-width "^1.0.1"
    window-size "^0.1.4"
    y18n "^3.2.0"
